// !$*UTF8*$!
{
	archiveVersion = 1;
	classes = {
	};
	objectVersion = 77;
	objects = {

/* Begin PBXBuildFile section */
		01000000000000000000000B /* sidecar in Resources */ = {isa = PBXBuildFile; fileRef = 01000000000000000000000A /* sidecar */; };
/* End PBXBuildFile section */

/* Begin PBXContainerItemProxy section */
		010000000000000000000010 /* PBXContainerItemProxy */ = {
			isa = PBXContainerItemProxy;
			containerPortal = 010000000000000000000001 /* Project object */;
			proxyType = 1;
			remoteGlobalIDString = 010000000000000000000002;
			remoteInfo = RollTag;
		};
/* End PBXContainerItemProxy section */

/* Begin PBXFileReference section */
		010000000000000000000004 /* RollTag.app */ = {isa = PBXFileReference; explicitFileType = wrapper.application; includeInIndex = 0; path = RollTag.app; sourceTree = BUILT_PRODUCTS_DIR; };
		010000000000000000000005 /* RollTagTests.xctest */ = {isa = PBXFileReference; explicitFileType = wrapper.cfbundle; includeInIndex = 0; path = RollTagTests.xctest; sourceTree = BUILT_PRODUCTS_DIR; };
		01000000000000000000000A /* sidecar */ = {isa = PBXFileReference; lastKnownFileType = folder; path = sidecar; sourceTree = "<group>"; };
/* End PBXFileReference section */

/* Begin PBXFileSystemSynchronizedBuildFileExceptionSet section */
		010000000000000000000012 /* Exceptions for "RollTag" folder in "RollTag" target */ = {
			isa = PBXFileSystemSynchronizedBuildFileExceptionSet;
			membershipExceptions = (
				Resources/Info.plist,
			);
			target = 010000000000000000000002 /* RollTag */;
		};
/* End PBXFileSystemSynchronizedBuildFileExceptionSet section */

/* Begin PBXFileSystemSynchronizedRootGroup section */
		010000000000000000000006 /* RollTag */ = {
			isa = PBXFileSystemSynchronizedRootGroup;
			exceptions = (
				010000000000000000000012 /* Exceptions for "RollTag" folder in "RollTag" target */,
			);
			path = RollTag;
			sourceTree = "<group>";
		};
		010000000000000000000007 /* RollTagTests */ = {
			isa = PBXFileSystemSynchronizedRootGroup;
			path = RollTagTests;
			sourceTree = "<group>";
		};
/* End PBXFileSystemSynchronizedRootGroup section */

/* Begin PBXFrameworksBuildPhase section */
		01000000000000000000000E /* Frameworks */ = {
			isa = PBXFrameworksBuildPhase;
			buildActionMask = 2147483647;
			files = (
			);
			runOnlyForDeploymentPostprocessing = 0;
		};
/* End PBXFrameworksBuildPhase section */

/* Begin PBXGroup section */
		010000000000000000000008 = {
			isa = PBXGroup;
			children = (
				010000000000000000000006 /* RollTag */,
				010000000000000000000007 /* RollTagTests */,
				01000000000000000000000A /* sidecar */,
				010000000000000000000009 /* Products */,
			);
			sourceTree = "<group>";
		};
		010000000000000000000009 /* Products */ = {
			isa = PBXGroup;
			children = (
				010000000000000000000004 /* RollTag.app */,
				010000000000000000000005 /* RollTagTests.xctest */,
			);
			name = Products;
			sourceTree = "<group>";
		};
/* End PBXGroup section */

/* Begin PBXNativeTarget section */
		010000000000000000000002 /* RollTag */ = {
			isa = PBXNativeTarget;
			buildConfigurationList = 01000000000000000000001A /* Build configuration list for PBXNativeTarget "RollTag" */;
			buildPhases = (
				01000000000000000000000C /* Sources */,
				01000000000000000000000E /* Frameworks */,
				01000000000000000000000D /* Resources */,
			);
			buildRules = (
			);
			dependencies = (
			);
			fileSystemSynchronizedGroups = (
				010000000000000000000006 /* RollTag */,
			);
			name = RollTag;
			packageProductDependencies = (
			);
			productName = RollTag;
			productReference = 010000000000000000000004 /* RollTag.app */;
			productType = "com.apple.product-type.application";
		};
		010000000000000000000003 /* RollTagTests */ = {
			isa = PBXNativeTarget;
			buildConfigurationList = 01000000000000000000001B /* Build configuration list for PBXNativeTarget "RollTagTests" */;
			buildPhases = (
				01000000000000000000000F /* Sources */,
			);
			buildRules = (
			);
			dependencies = (
				010000000000000000000011 /* PBXTargetDependency */,
			);
			fileSystemSynchronizedGroups = (
				010000000000000000000007 /* RollTagTests */,
			);
			name = RollTagTests;
			packageProductDependencies = (
			);
			productName = RollTagTests;
			productReference = 010000000000000000000005 /* RollTagTests.xctest */;
			productType = "com.apple.product-type.bundle.unit-test";
		};
/* End PBXNativeTarget section */

/* Begin PBXProject section */
		010000000000000000000001 /* Project object */ = {
			isa = PBXProject;
			attributes = {
				BuildIndependentTargetsInParallel = 1;
				LastSwiftUpdateCheck = 2620;
				LastUpgradeCheck = 2620;
				TargetAttributes = {
					010000000000000000000002 = {
						CreatedOnToolsVersion = 26.2;
					};
					010000000000000000000003 = {
						CreatedOnToolsVersion = 26.2;
						TestTargetID = 010000000000000000000002;
					};
				};
			};
			buildConfigurationList = 010000000000000000000019 /* Build configuration list for PBXProject "RollTag" */;
			developmentRegion = "zh-Hant";
			hasScannedForEncodings = 0;
			knownRegions = (
				en,
				"zh-Hant",
				Base,
			);
			mainGroup = 010000000000000000000008;
			minimizedProjectReferenceProxies = 1;
			preferredProjectObjectVersion = 77;
			productRefGroup = 010000000000000000000009 /* Products */;
			projectDirPath = "";
			projectRoot = "";
			targets = (
				010000000000000000000002 /* RollTag */,
				010000000000000000000003 /* RollTagTests */,
			);
		};
/* End PBXProject section */

/* Begin PBXResourcesBuildPhase section */
		01000000000000000000000D /* Resources */ = {
			isa = PBXResourcesBuildPhase;
			buildActionMask = 2147483647;
			files = (
				01000000000000000000000B /* sidecar in Resources */,
			);
			runOnlyForDeploymentPostprocessing = 0;
		};
/* End PBXResourcesBuildPhase section */

/* Begin PBXSourcesBuildPhase section */
		01000000000000000000000C /* Sources */ = {
			isa = PBXSourcesBuildPhase;
			buildActionMask = 2147483647;
			files = (
			);
			runOnlyForDeploymentPostprocessing = 0;
		};
		01000000000000000000000F /* Sources */ = {
			isa = PBXSourcesBuildPhase;
			buildActionMask = 2147483647;
			files = (
			);
			runOnlyForDeploymentPostprocessing = 0;
		};
/* End PBXSourcesBuildPhase section */

/* Begin PBXTargetDependency section */
		010000000000000000000011 /* PBXTargetDependency */ = {
			isa = PBXTargetDependency;
			target = 010000000000000000000002 /* RollTag */;
			targetProxy = 010000000000000000000010 /* PBXContainerItemProxy */;
		};
/* End PBXTargetDependency section */

/* Begin XCBuildConfiguration section */
		010000000000000000000013 /* Debug */ = {
			isa = XCBuildConfiguration;
			buildSettings = {
				ALWAYS_SEARCH_USER_PATHS = NO;
				CLANG_ENABLE_MODULES = YES;
				CLANG_ENABLE_OBJC_ARC = YES;
				COPY_PHASE_STRIP = NO;
				DEBUG_INFORMATION_FORMAT = dwarf;
				ENABLE_STRICT_OBJC_MSGSEND = YES;
				ENABLE_TESTABILITY = YES;
				GCC_DYNAMIC_NO_PIC = NO;
				GCC_OPTIMIZATION_LEVEL = 0;
				MACOSX_DEPLOYMENT_TARGET = 14.0;
				ONLY_ACTIVE_ARCH = YES;
				SDKROOT = macosx;
				SWIFT_ACTIVE_COMPILATION_CONDITIONS = DEBUG;
				SWIFT_OPTIMIZATION_LEVEL = "-Onone";
			};
			name = Debug;
		};
		010000000000000000000014 /* Release */ = {
			isa = XCBuildConfiguration;
			buildSettings = {
				ALWAYS_SEARCH_USER_PATHS = NO;
				CLANG_ENABLE_MODULES = YES;
				CLANG_ENABLE_OBJC_ARC = YES;
				COPY_PHASE_STRIP = YES;
				DEBUG_INFORMATION_FORMAT = "dwarf-with-dsym";
				ENABLE_NS_ASSERTIONS = NO;
				ENABLE_STRICT_OBJC_MSGSEND = YES;
				MACOSX_DEPLOYMENT_TARGET = 14.0;
				SDKROOT = macosx;
				SWIFT_COMPILATION_MODE = wholemodule;
			};
			name = Release;
		};
		010000000000000000000015 /* Debug */ = {
			isa = XCBuildConfiguration;
			buildSettings = {
				ASSETCATALOG_COMPILER_APPICON_NAME = AppIcon;
				CODE_SIGNING_ALLOWED = YES;
				CODE_SIGN_IDENTITY = "-";
				COMBINE_HIDPI_IMAGES = YES;
				CURRENT_PROJECT_VERSION = 1;
				ENABLE_APP_SANDBOX = NO;
				ENABLE_HARDENED_RUNTIME = NO;
				GENERATE_INFOPLIST_FILE = NO;
				INFOPLIST_FILE = RollTag/Resources/Info.plist;
				INFOPLIST_KEY_CFBundleDisplayName = RollTag;
				INFOPLIST_KEY_LSApplicationCategoryType = "public.app-category.video";
				INFOPLIST_KEY_NSHumanReadableCopyright = "";
				LD_RUNPATH_SEARCH_PATHS = (
					"$(inherited)",
					"@executable_path/../Frameworks",
				);
				MACOSX_DEPLOYMENT_TARGET = 14.0;
				MARKETING_VERSION = 1.0;
				PRODUCT_BUNDLE_IDENTIFIER = app.rolltag.RollTag;
				PRODUCT_NAME = "$(TARGET_NAME)";
				SWIFT_EMIT_LOC_STRINGS = YES;
				SWIFT_VERSION = 5.0;
			};
			name = Debug;
		};
		010000000000000000000016 /* Release */ = {
			isa = XCBuildConfiguration;
			buildSettings = {
				ASSETCATALOG_COMPILER_APPICON_NAME = AppIcon;
				CODE_SIGNING_ALLOWED = YES;
				CODE_SIGN_IDENTITY = "-";
				COMBINE_HIDPI_IMAGES = YES;
				CURRENT_PROJECT_VERSION = 1;
				ENABLE_APP_SANDBOX = NO;
				ENABLE_HARDENED_RUNTIME = NO;
				GENERATE_INFOPLIST_FILE = NO;
				INFOPLIST_FILE = RollTag/Resources/Info.plist;
				INFOPLIST_KEY_CFBundleDisplayName = RollTag;
				INFOPLIST_KEY_LSApplicationCategoryType = "public.app-category.video";
				INFOPLIST_KEY_NSHumanReadableCopyright = "";
				LD_RUNPATH_SEARCH_PATHS = (
					"$(inherited)",
					"@executable_path/../Frameworks",
				);
				MACOSX_DEPLOYMENT_TARGET = 14.0;
				MARKETING_VERSION = 1.0;
				PRODUCT_BUNDLE_IDENTIFIER = app.rolltag.RollTag;
				PRODUCT_NAME = "$(TARGET_NAME)";
				SWIFT_EMIT_LOC_STRINGS = YES;
				SWIFT_VERSION = 5.0;
			};
			name = Release;
		};
		010000000000000000000017 /* Debug */ = {
			isa = XCBuildConfiguration;
			buildSettings = {
				BUNDLE_LOADER = "$(TEST_HOST)";
				CODE_SIGNING_ALLOWED = YES;
				CODE_SIGN_IDENTITY = "-";
				GENERATE_INFOPLIST_FILE = YES;
				MACOSX_DEPLOYMENT_TARGET = 14.0;
				PRODUCT_BUNDLE_IDENTIFIER = app.rolltag.RollTagTests;
				PRODUCT_NAME = "$(TARGET_NAME)";
				SWIFT_VERSION = 5.0;
				TEST_HOST = "$(BUILT_PRODUCTS_DIR)/RollTag.app/Contents/MacOS/RollTag";
			};
			name = Debug;
		};
		010000000000000000000018 /* Release */ = {
			isa = XCBuildConfiguration;
			buildSettings = {
				BUNDLE_LOADER = "$(TEST_HOST)";
				CODE_SIGNING_ALLOWED = YES;
				CODE_SIGN_IDENTITY = "-";
				GENERATE_INFOPLIST_FILE = YES;
				MACOSX_DEPLOYMENT_TARGET = 14.0;
				PRODUCT_BUNDLE_IDENTIFIER = app.rolltag.RollTagTests;
				PRODUCT_NAME = "$(TARGET_NAME)";
				SWIFT_VERSION = 5.0;
				TEST_HOST = "$(BUILT_PRODUCTS_DIR)/RollTag.app/Contents/MacOS/RollTag";
			};
			name = Release;
		};
/* End XCBuildConfiguration section */

/* Begin XCConfigurationList section */
		010000000000000000000019 /* Build configuration list for PBXProject "RollTag" */ = {
			isa = XCConfigurationList;
			buildConfigurations = (
				010000000000000000000013 /* Debug */,
				010000000000000000000014 /* Release */,
			);
			defaultConfigurationIsVisible = 0;
			defaultConfigurationName = Release;
		};
		01000000000000000000001A /* Build configuration list for PBXNativeTarget "RollTag" */ = {
			isa = XCConfigurationList;
			buildConfigurations = (
				010000000000000000000015 /* Debug */,
				010000000000000000000016 /* Release */,
			);
			defaultConfigurationIsVisible = 0;
			defaultConfigurationName = Release;
		};
		01000000000000000000001B /* Build configuration list for PBXNativeTarget "RollTagTests" */ = {
			isa = XCConfigurationList;
			buildConfigurations = (
				010000000000000000000017 /* Debug */,
				010000000000000000000018 /* Release */,
			);
			defaultConfigurationIsVisible = 0;
			defaultConfigurationName = Release;
		};
/* End XCConfigurationList section */
	};
	rootObject = 010000000000000000000001 /* Project object */;
}
